
Microsoft Visual Studio Solution File, Format Version 12.00
# Visual Studio Version 16
VisualStudioVersion = 16.0.31424.327
MinimumVisualStudioVersion = 10.0.40219.1
Project("{FAE04EC0-301F-11D3-BF4B-00C04F79EFBC}") = "SignalR", "SignalR\SignalR.csproj", "{248D52F5-D283-43A9-88F7-2035D0A64843}"
EndProject
Global
	GlobalSection(SolutionConfigurationPlatforms) = preSolution
		Debug|Any CPU = Debug|Any CPU
		Release|Any CPU = Release|Any CPU
	EndGlobalSection
	GlobalSection(ProjectConfigurationPlatforms) = postSolution
		{248D52F5-D283-43A9-88F7-2035D0A64843}.Debug|Any CPU.ActiveCfg = Debug|Any CPU
		{248D52F5-D283-43A9-88F7-2035D0A64843}.Debug|Any CPU.Build.0 = Debug|Any CPU
		{248D52F5-D283-43A9-88F7-2035D0A64843}.Release|Any CPU.ActiveCfg = Release|Any CPU
		{248D52F5-D283-43A9-88F7-2035D0A64843}.Release|Any CPU.Build.0 = Release|Any CPU
	EndGlobalSection
	GlobalSection(SolutionProperties) = preSolution
		HideSolutionNode = FALSE
	EndGlobalSection
	GlobalSection(ExtensibilityGlobals) = postSolution
		SolutionGuid = {A606EBD5-6B0E-413D-97E2-3739AB018CAB}
	EndGlobalSection
EndGlobal
